// !$*UTF8*$!
{
	archiveVersion = 1;
	classes = {
	};
	objectVersion = 46;
	objects = {

/* Begin PBXBuildFile section */
		7A78356C1F31902F008EC096 /* AppDelegate.swift in Sources */ = {isa = PBXBuildFile; fileRef = 7A78356B1F31902F008EC096 /* AppDelegate.swift */; };
		7A78356E1F31902F008EC096 /* ViewController.swift in Sources */ = {isa = PBXBuildFile; fileRef = 7A78356D1F31902F008EC096 /* ViewController.swift */; };
		7A7835711F31902F008EC096 /* Main.storyboard in Resources */ = {isa = PBXBuildFile; fileRef = 7A78356F1F31902F008EC096 /* Main.storyboard */; };
		7A7835731F31902F008EC096 /* Assets.xcassets in Resources */ = {isa = PBXBuildFile; fileRef = 7A7835721F31902F008EC096 /* Assets.xcassets */; };
		7A7835761F31902F008EC096 /* LaunchScreen.storyboard in Resources */ = {isa = PBXBuildFile; fileRef = 7A7835741F31902F008EC096 /* LaunchScreen.storyboard */; };
		7A7835811F31902F008EC096 /* ________________Tests.swift in Sources */ = {isa = PBXBuildFile; fileRef = 7A7835801F31902F008EC096 /* ________________Tests.swift */; };
		7A78358C1F31A55E008EC096 /* CustomVisionResult.swift in Sources */ = {isa = PBXBuildFile; fileRef = 7A78358B1F31A55E008EC096 /* CustomVisionResult.swift */; };
		7A78358E1F31A627008EC096 /* CustomVisionService.swift in Sources */ = {isa = PBXBuildFile; fileRef = 7A78358D1F31A627008EC096 /* CustomVisionService.swift */; };
/* End PBXBuildFile section */

/* Begin PBXContainerItemProxy section */
		7A78357D1F31902F008EC096 /* PBXContainerItemProxy */ = {
			isa = PBXContainerItemProxy;
			containerPortal = 7A7835601F31902F008EC096 /* Project object */;
			proxyType = 1;
			remoteGlobalIDString = 7A7835671F31902F008EC096;
			remoteInfo = "小野大輔がかっこいい件について";
		};
/* End PBXContainerItemProxy section */

/* Begin PBXFileReference section */
		7A7835681F31902F008EC096 /* ono daisuke ga kakkoyosugirukennnituite.app */ = {isa = PBXFileReference; explicitFileType = wrapper.application; includeInIndex = 0; path = "ono daisuke ga kakkoyosugirukennnituite.app"; sourceTree = BUILT_PRODUCTS_DIR; };
		7A78356B1F31902F008EC096 /* AppDelegate.swift */ = {isa = PBXFileReference; lastKnownFileType = sourcecode.swift; path = AppDelegate.swift; sourceTree = "<group>"; };
		7A78356D1F31902F008EC096 /* ViewController.swift */ = {isa = PBXFileReference; lastKnownFileType = sourcecode.swift; path = ViewController.swift; sourceTree = "<group>"; };
		7A7835701F31902F008EC096 /* Base */ = {isa = PBXFileReference; lastKnownFileType = file.storyboard; name = Base; path = Base.lproj/Main.storyboard; sourceTree = "<group>"; };
		7A7835721F31902F008EC096 /* Assets.xcassets */ = {isa = PBXFileReference; lastKnownFileType = folder.assetcatalog; path = Assets.xcassets; sourceTree = "<group>"; };
		7A7835751F31902F008EC096 /* Base */ = {isa = PBXFileReference; lastKnownFileType = file.storyboard; name = Base; path = Base.lproj/LaunchScreen.storyboard; sourceTree = "<group>"; };
		7A7835771F31902F008EC096 /* Info.plist */ = {isa = PBXFileReference; lastKnownFileType = text.plist.xml; path = Info.plist; sourceTree = "<group>"; };
		7A78357C1F31902F008EC096 /* ono daisuke ga kakkoyosugirukennnituiteTests.xctest */ = {isa = PBXFileReference; explicitFileType = wrapper.cfbundle; includeInIndex = 0; path = "ono daisuke ga kakkoyosugirukennnituiteTests.xctest"; sourceTree = BUILT_PRODUCTS_DIR; };
		7A7835801F31902F008EC096 /* ________________Tests.swift */ = {isa = PBXFileReference; lastKnownFileType = sourcecode.swift; path = "________________Tests.swift"; sourceTree = "<group>"; };
		7A7835821F31902F008EC096 /* Info.plist */ = {isa = PBXFileReference; lastKnownFileType = text.plist.xml; path = Info.plist; sourceTree = "<group>"; };
		7A78358B1F31A55E008EC096 /* CustomVisionResult.swift */ = {isa = PBXFileReference; fileEncoding = 4; lastKnownFileType = sourcecode.swift; path = CustomVisionResult.swift; sourceTree = "<group>"; };
		7A78358D1F31A627008EC096 /* CustomVisionService.swift */ = {isa = PBXFileReference; fileEncoding = 4; lastKnownFileType = sourcecode.swift; path = CustomVisionService.swift; sourceTree = "<group>"; };
/* End PBXFileReference section */

/* Begin PBXFrameworksBuildPhase section */
		7A7835651F31902F008EC096 /* Frameworks */ = {
			isa = PBXFrameworksBuildPhase;
			buildActionMask = 2147483647;
			files = (
			);
			runOnlyForDeploymentPostprocessing = 0;
		};
		7A7835791F31902F008EC096 /* Frameworks */ = {
			isa = PBXFrameworksBuildPhase;
			buildActionMask = 2147483647;
			files = (
			);
			runOnlyForDeploymentPostprocessing = 0;
		};
/* End PBXFrameworksBuildPhase section */

/* Begin PBXGroup section */
		7A78355F1F31902F008EC096 = {
			isa = PBXGroup;
			children = (
				7A78356A1F31902F008EC096 /* ono daisuke ga kakkoyosugirukennnituite */,
				7A78357F1F31902F008EC096 /* ono daisuke ga kakkoyosugirukennnituiteTests */,
				7A7835691F31902F008EC096 /* Products */,
			);
			sourceTree = "<group>";
		};
		7A7835691F31902F008EC096 /* Products */ = {
			isa = PBXGroup;
			children = (
				7A7835681F31902F008EC096 /* ono daisuke ga kakkoyosugirukennnituite.app */,
				7A78357C1F31902F008EC096 /* ono daisuke ga kakkoyosugirukennnituiteTests.xctest */,
			);
			name = Products;
			sourceTree = "<group>";
		};
		7A78356A1F31902F008EC096 /* ono daisuke ga kakkoyosugirukennnituite */ = {
			isa = PBXGroup;
			children = (
				7A78356B1F31902F008EC096 /* AppDelegate.swift */,
				7A78356D1F31902F008EC096 /* ViewController.swift */,
				7A78356F1F31902F008EC096 /* Main.storyboard */,
				7A7835721F31902F008EC096 /* Assets.xcassets */,
				7A7835741F31902F008EC096 /* LaunchScreen.storyboard */,
				7A7835771F31902F008EC096 /* Info.plist */,
				7A78358B1F31A55E008EC096 /* CustomVisionResult.swift */,
				7A78358D1F31A627008EC096 /* CustomVisionService.swift */,
			);
			name = "ono daisuke ga kakkoyosugirukennnituite";
			path = "小野大輔がかっこいい件について";
			sourceTree = "<group>";
		};
		7A78357F1F31902F008EC096 /* ono daisuke ga kakkoyosugirukennnituiteTests */ = {
			isa = PBXGroup;
			children = (
				7A7835801F31902F008EC096 /* ________________Tests.swift */,
				7A7835821F31902F008EC096 /* Info.plist */,
			);
			name = "ono daisuke ga kakkoyosugirukennnituiteTests";
			path = "小野大輔がかっこいい件についてTests";
			sourceTree = "<group>";
		};
/* End PBXGroup section */

/* Begin PBXNativeTarget section */
		7A7835671F31902F008EC096 /* ono daisuke ga kakkoyosugirukennnituite */ = {
			isa = PBXNativeTarget;
			buildConfigurationList = 7A7835851F31902F008EC096 /* Build configuration list for PBXNativeTarget "ono daisuke ga kakkoyosugirukennnituite" */;
			buildPhases = (
				7A7835641F31902F008EC096 /* Sources */,
				7A7835651F31902F008EC096 /* Frameworks */,
				7A7835661F31902F008EC096 /* Resources */,
			);
			buildRules = (
			);
			dependencies = (
			);
			name = "ono daisuke ga kakkoyosugirukennnituite";
			productName = "小野大輔がかっこいい件について";
			productReference = 7A7835681F31902F008EC096 /* ono daisuke ga kakkoyosugirukennnituite.app */;
			productType = "com.apple.product-type.application";
		};
		7A78357B1F31902F008EC096 /* ono daisuke ga kakkoyosugirukennnituiteTests */ = {
			isa = PBXNativeTarget;
			buildConfigurationList = 7A7835881F31902F008EC096 /* Build configuration list for PBXNativeTarget "ono daisuke ga kakkoyosugirukennnituiteTests" */;
			buildPhases = (
				7A7835781F31902F008EC096 /* Sources */,
				7A7835791F31902F008EC096 /* Frameworks */,
				7A78357A1F31902F008EC096 /* Resources */,
			);
			buildRules = (
			);
			dependencies = (
				7A78357E1F31902F008EC096 /* PBXTargetDependency */,
			);
			name = "ono daisuke ga kakkoyosugirukennnituiteTests";
			productName = "小野大輔がかっこいい件についてTests";
			productReference = 7A78357C1F31902F008EC096 /* ono daisuke ga kakkoyosugirukennnituiteTests.xctest */;
			productType = "com.apple.product-type.bundle.unit-test";
		};
/* End PBXNativeTarget section */

/* Begin PBXProject section */
		7A7835601F31902F008EC096 /* Project object */ = {
			isa = PBXProject;
			attributes = {
				LastSwiftUpdateCheck = 0830;
				LastUpgradeCheck = 0830;
				ORGANIZATIONNAME = takumi;
				TargetAttributes = {
					7A7835671F31902F008EC096 = {
						CreatedOnToolsVersion = 8.3.3;
						ProvisioningStyle = Automatic;
					};
					7A78357B1F31902F008EC096 = {
						CreatedOnToolsVersion = 8.3.3;
						ProvisioningStyle = Automatic;
						TestTargetID = 7A7835671F31902F008EC096;
					};
				};
			};
			buildConfigurationList = 7A7835631F31902F008EC096 /* Build configuration list for PBXProject "ono daisuke ga kakkoyosugirukennnituite" */;
			compatibilityVersion = "Xcode 3.2";
			developmentRegion = English;
			hasScannedForEncodings = 0;
			knownRegions = (
				en,
				Base,
			);
			mainGroup = 7A78355F1F31902F008EC096;
			productRefGroup = 7A7835691F31902F008EC096 /* Products */;
			projectDirPath = "";
			projectRoot = "";
			targets = (
				7A7835671F31902F008EC096 /* ono daisuke ga kakkoyosugirukennnituite */,
				7A78357B1F31902F008EC096 /* ono daisuke ga kakkoyosugirukennnituiteTests */,
			);
		};
/* End PBXProject section */

/* Begin PBXResourcesBuildPhase section */
		7A7835661F31902F008EC096 /* Resources */ = {
			isa = PBXResourcesBuildPhase;
			buildActionMask = 2147483647;
			files = (
				7A7835761F31902F008EC096 /* LaunchScreen.storyboard in Resources */,
				7A7835731F31902F008EC096 /* Assets.xcassets in Resources */,
				7A7835711F31902F008EC096 /* Main.storyboard in Resources */,
			);
			runOnlyForDeploymentPostprocessing = 0;
		};
		7A78357A1F31902F008EC096 /* Resources */ = {
			isa = PBXResourcesBuildPhase;
			buildActionMask = 2147483647;
			files = (
			);
			runOnlyForDeploymentPostprocessing = 0;
		};
/* End PBXResourcesBuildPhase section */

/* Begin PBXSourcesBuildPhase section */
		7A7835641F31902F008EC096 /* Sources */ = {
			isa = PBXSourcesBuildPhase;
			buildActionMask = 2147483647;
			files = (
				7A78358E1F31A627008EC096 /* CustomVisionService.swift in Sources */,
				7A78358C1F31A55E008EC096 /* CustomVisionResult.swift in Sources */,
				7A78356E1F31902F008EC096 /* ViewController.swift in Sources */,
				7A78356C1F31902F008EC096 /* AppDelegate.swift in Sources */,
			);
			runOnlyForDeploymentPostprocessing = 0;
		};
		7A7835781F31902F008EC096 /* Sources */ = {
			isa = PBXSourcesBuildPhase;
			buildActionMask = 2147483647;
			files = (
				7A7835811F31902F008EC096 /* ________________Tests.swift in Sources */,
			);
			runOnlyForDeploymentPostprocessing = 0;
		};
/* End PBXSourcesBuildPhase section */

/* Begin PBXTargetDependency section */
		7A78357E1F31902F008EC096 /* PBXTargetDependency */ = {
			isa = PBXTargetDependency;
			target = 7A7835671F31902F008EC096 /* ono daisuke ga kakkoyosugirukennnituite */;
			targetProxy = 7A78357D1F31902F008EC096 /* PBXContainerItemProxy */;
		};
/* End PBXTargetDependency section */

/* Begin PBXVariantGroup section */
		7A78356F1F31902F008EC096 /* Main.storyboard */ = {
			isa = PBXVariantGroup;
			children = (
				7A7835701F31902F008EC096 /* Base */,
			);
			name = Main.storyboard;
			sourceTree = "<group>";
		};
		7A7835741F31902F008EC096 /* LaunchScreen.storyboard */ = {
			isa = PBXVariantGroup;
			children = (
				7A7835751F31902F008EC096 /* Base */,
			);
			name = LaunchScreen.storyboard;
			sourceTree = "<group>";
		};
/* End PBXVariantGroup section */

/* Begin XCBuildConfiguration section */
		7A7835831F31902F008EC096 /* Debug */ = {
			isa = XCBuildConfiguration;
			buildSettings = {
				ALWAYS_SEARCH_USER_PATHS = NO;
				CLANG_ANALYZER_NONNULL = YES;
				CLANG_ANALYZER_NUMBER_OBJECT_CONVERSION = YES_AGGRESSIVE;
				CLANG_CXX_LANGUAGE_STANDARD = "gnu++0x";
				CLANG_CXX_LIBRARY = "libc++";
				CLANG_ENABLE_MODULES = YES;
				CLANG_ENABLE_OBJC_ARC = YES;
				CLANG_WARN_BOOL_CONVERSION = YES;
				CLANG_WARN_CONSTANT_CONVERSION = YES;
				CLANG_WARN_DIRECT_OBJC_ISA_USAGE = YES_ERROR;
				CLANG_WARN_DOCUMENTATION_COMMENTS = YES;
				CLANG_WARN_EMPTY_BODY = YES;
				CLANG_WARN_ENUM_CONVERSION = YES;
				CLANG_WARN_INFINITE_RECURSION = YES;
				CLANG_WARN_INT_CONVERSION = YES;
				CLANG_WARN_OBJC_ROOT_CLASS = YES_ERROR;
				CLANG_WARN_SUSPICIOUS_MOVE = YES;
				CLANG_WARN_UNREACHABLE_CODE = YES;
				CLANG_WARN__DUPLICATE_METHOD_MATCH = YES;
				"CODE_SIGN_IDENTITY[sdk=iphoneos*]" = "iPhone Developer";
				COPY_PHASE_STRIP = NO;
				DEBUG_INFORMATION_FORMAT = dwarf;
				ENABLE_STRICT_OBJC_MSGSEND = YES;
				ENABLE_TESTABILITY = YES;
				GCC_C_LANGUAGE_STANDARD = gnu99;
				GCC_DYNAMIC_NO_PIC = NO;
				GCC_NO_COMMON_BLOCKS = YES;
				GCC_OPTIMIZATION_LEVEL = 0;
				GCC_PREPROCESSOR_DEFINITIONS = (
					"DEBUG=1",
					"$(inherited)",
				);
				GCC_WARN_64_TO_32_BIT_CONVERSION = YES;
				GCC_WARN_ABOUT_RETURN_TYPE = YES_ERROR;
				GCC_WARN_UNDECLARED_SELECTOR = YES;
				GCC_WARN_UNINITIALIZED_AUTOS = YES_AGGRESSIVE;
				GCC_WARN_UNUSED_FUNCTION = YES;
				GCC_WARN_UNUSED_VARIABLE = YES;
				IPHONEOS_DEPLOYMENT_TARGET = 10.3;
				MTL_ENABLE_DEBUG_INFO = YES;
				ONLY_ACTIVE_ARCH = YES;
				SDKROOT = iphoneos;
				SWIFT_ACTIVE_COMPILATION_CONDITIONS = DEBUG;
				SWIFT_OPTIMIZATION_LEVEL = "-Onone";
				TARGETED_DEVICE_FAMILY = "1,2";
			};
			name = Debug;
		};
		7A7835841F31902F008EC096 /* Release */ = {
			isa = XCBuildConfiguration;
			buildSettings = {
				ALWAYS_SEARCH_USER_PATHS = NO;
				CLANG_ANALYZER_NONNULL = YES;
				CLANG_ANALYZER_NUMBER_OBJECT_CONVERSION = YES_AGGRESSIVE;
				CLANG_CXX_LANGUAGE_STANDARD = "gnu++0x";
				CLANG_CXX_LIBRARY = "libc++";
				CLANG_ENABLE_MODULES = YES;
				CLANG_ENABLE_OBJC_ARC = YES;
				CLANG_WARN_BOOL_CONVERSION = YES;
				CLANG_WARN_CONSTANT_CONVERSION = YES;
				CLANG_WARN_DIRECT_OBJC_ISA_USAGE = YES_ERROR;
				CLANG_WARN_DOCUMENTATION_COMMENTS = YES;
				CLANG_WARN_EMPTY_BODY = YES;
				CLANG_WARN_ENUM_CONVERSION = YES;
				CLANG_WARN_INFINITE_RECURSION = YES;
				CLANG_WARN_INT_CONVERSION = YES;
				CLANG_WARN_OBJC_ROOT_CLASS = YES_ERROR;
				CLANG_WARN_SUSPICIOUS_MOVE = YES;
				CLANG_WARN_UNREACHABLE_CODE = YES;
				CLANG_WARN__DUPLICATE_METHOD_MATCH = YES;
				"CODE_SIGN_IDENTITY[sdk=iphoneos*]" = "iPhone Developer";
				COPY_PHASE_STRIP = NO;
				DEBUG_INFORMATION_FORMAT = "dwarf-with-dsym";
				ENABLE_NS_ASSERTIONS = NO;
				ENABLE_STRICT_OBJC_MSGSEND = YES;
				GCC_C_LANGUAGE_STANDARD = gnu99;
				GCC_NO_COMMON_BLOCKS = YES;
				GCC_WARN_64_TO_32_BIT_CONVERSION = YES;
				GCC_WARN_ABOUT_RETURN_TYPE = YES_ERROR;
				GCC_WARN_UNDECLARED_SELECTOR = YES;
				GCC_WARN_UNINITIALIZED_AUTOS = YES_AGGRESSIVE;
				GCC_WARN_UNUSED_FUNCTION = YES;
				GCC_WARN_UNUSED_VARIABLE = YES;
				IPHONEOS_DEPLOYMENT_TARGET = 10.3;
				MTL_ENABLE_DEBUG_INFO = NO;
				SDKROOT = iphoneos;
				SWIFT_OPTIMIZATION_LEVEL = "-Owholemodule";
				TARGETED_DEVICE_FAMILY = "1,2";
				VALIDATE_PRODUCT = YES;
			};
			name = Release;
		};
		7A7835861F31902F008EC096 /* Debug */ = {
			isa = XCBuildConfiguration;
			buildSettings = {
				ASSETCATALOG_COMPILER_APPICON_NAME = AppIcon;
				INFOPLIST_FILE = "小野大輔がかっこいい件について/Info.plist";
				LD_RUNPATH_SEARCH_PATHS = "$(inherited) @executable_path/Frameworks";
				PRODUCT_BUNDLE_IDENTIFIER = "com.makeschool.----------------";
				PRODUCT_NAME = "$(TARGET_NAME)";
				SWIFT_VERSION = 3.0;
			};
			name = Debug;
		};
		7A7835871F31902F008EC096 /* Release */ = {
			isa = XCBuildConfiguration;
			buildSettings = {
				ASSETCATALOG_COMPILER_APPICON_NAME = AppIcon;
				INFOPLIST_FILE = "小野大輔がかっこいい件について/Info.plist";
				LD_RUNPATH_SEARCH_PATHS = "$(inherited) @executable_path/Frameworks";
				PRODUCT_BUNDLE_IDENTIFIER = "com.makeschool.----------------";
				PRODUCT_NAME = "$(TARGET_NAME)";
				SWIFT_VERSION = 3.0;
			};
			name = Release;
		};
		7A7835891F31902F008EC096 /* Debug */ = {
			isa = XCBuildConfiguration;
			buildSettings = {
				ALWAYS_EMBED_SWIFT_STANDARD_LIBRARIES = YES;
				BUNDLE_LOADER = "$(TEST_HOST)";
				INFOPLIST_FILE = "小野大輔がかっこいい件についてTests/Info.plist";
				LD_RUNPATH_SEARCH_PATHS = "$(inherited) @executable_path/Frameworks @loader_path/Frameworks";
				PRODUCT_BUNDLE_IDENTIFIER = "com.makeschool.----------------Tests";
				PRODUCT_NAME = "$(TARGET_NAME)";
				SWIFT_VERSION = 3.0;
				TEST_HOST = "$(BUILT_PRODUCTS_DIR)/ono daisuke ga kakkoyosugirukennnituite.app/ono daisuke ga kakkoyosugirukennnituite";
			};
			name = Debug;
		};
		7A78358A1F31902F008EC096 /* Release */ = {
			isa = XCBuildConfiguration;
			buildSettings = {
				ALWAYS_EMBED_SWIFT_STANDARD_LIBRARIES = YES;
				BUNDLE_LOADER = "$(TEST_HOST)";
				INFOPLIST_FILE = "小野大輔がかっこいい件についてTests/Info.plist";
				LD_RUNPATH_SEARCH_PATHS = "$(inherited) @executable_path/Frameworks @loader_path/Frameworks";
				PRODUCT_BUNDLE_IDENTIFIER = "com.makeschool.----------------Tests";
				PRODUCT_NAME = "$(TARGET_NAME)";
				SWIFT_VERSION = 3.0;
				TEST_HOST = "$(BUILT_PRODUCTS_DIR)/ono daisuke ga kakkoyosugirukennnituite.app/ono daisuke ga kakkoyosugirukennnituite";
			};
			name = Release;
		};
/* End XCBuildConfiguration section */

/* Begin XCConfigurationList section */
		7A7835631F31902F008EC096 /* Build configuration list for PBXProject "ono daisuke ga kakkoyosugirukennnituite" */ = {
			isa = XCConfigurationList;
			buildConfigurations = (
				7A7835831F31902F008EC096 /* Debug */,
				7A7835841F31902F008EC096 /* Release */,
			);
			defaultConfigurationIsVisible = 0;
			defaultConfigurationName = Release;
		};
		7A7835851F31902F008EC096 /* Build configuration list for PBXNativeTarget "ono daisuke ga kakkoyosugirukennnituite" */ = {
			isa = XCConfigurationList;
			buildConfigurations = (
				7A7835861F31902F008EC096 /* Debug */,
				7A7835871F31902F008EC096 /* Release */,
			);
			defaultConfigurationIsVisible = 0;
		};
		7A7835881F31902F008EC096 /* Build configuration list for PBXNativeTarget "ono daisuke ga kakkoyosugirukennnituiteTests" */ = {
			isa = XCConfigurationList;
			buildConfigurations = (
				7A7835891F31902F008EC096 /* Debug */,
				7A78358A1F31902F008EC096 /* Release */,
			);
			defaultConfigurationIsVisible = 0;
		};
/* End XCConfigurationList section */
	};
	rootObject = 7A7835601F31902F008EC096 /* Project object */;
}
